
Microsoft Visual Studio Solution File, Format Version 12.00
# Visual Studio Version 17
VisualStudioVersion = 17.14.36327.8 d17.14
MinimumVisualStudioVersion = 10.0.40219.1
Project("{FAE04EC0-301F-11D3-BF4B-00C04F79EFBC}") = "MyRazorApp", "MyRazorApp.csproj", "{92214610-BDAD-42AD-A446-3290D9886545}"
EndProject
Project("{FAE04EC0-301F-11D3-BF4B-00C04F79EFBC}") = "MVCExample1", "..\MVCExample1\MVCExample1.csproj", "{C2B242FF-28C5-40F7-B64A-4C9AAB2B1648}"
EndProject
Project("{FAE04EC0-301F-11D3-BF4B-00C04F79EFBC}") = "MyConsoleApp", "..\MyConsoleApp\MyConsoleApp.csproj", "{2BC2CA79-ABE5-4AAD-997C-04B1A396BB1E}"
EndProject
Global
	GlobalSection(SolutionConfigurationPlatforms) = preSolution
		Debug|Any CPU = Debug|Any CPU
		Release|Any CPU = Release|Any CPU
	EndGlobalSection
	GlobalSection(ProjectConfigurationPlatforms) = postSolution
		{92214610-BDAD-42AD-A446-3290D9886545}.Debug|Any CPU.ActiveCfg = Debug|Any CPU
		{92214610-BDAD-42AD-A446-3290D9886545}.Debug|Any CPU.Build.0 = Debug|Any CPU
		{92214610-BDAD-42AD-A446-3290D9886545}.Release|Any CPU.ActiveCfg = Release|Any CPU
		{92214610-BDAD-42AD-A446-3290D9886545}.Release|Any CPU.Build.0 = Release|Any CPU
		{C2B242FF-28C5-40F7-B64A-4C9AAB2B1648}.Debug|Any CPU.ActiveCfg = Debug|Any CPU
		{C2B242FF-28C5-40F7-B64A-4C9AAB2B1648}.Debug|Any CPU.Build.0 = Debug|Any CPU
		{C2B242FF-28C5-40F7-B64A-4C9AAB2B1648}.Release|Any CPU.ActiveCfg = Release|Any CPU
		{C2B242FF-28C5-40F7-B64A-4C9AAB2B1648}.Release|Any CPU.Build.0 = Release|Any CPU
		{2BC2CA79-ABE5-4AAD-997C-04B1A396BB1E}.Debug|Any CPU.ActiveCfg = Debug|Any CPU
		{2BC2CA79-ABE5-4AAD-997C-04B1A396BB1E}.Debug|Any CPU.Build.0 = Debug|Any CPU
		{2BC2CA79-ABE5-4AAD-997C-04B1A396BB1E}.Release|Any CPU.ActiveCfg = Release|Any CPU
		{2BC2CA79-ABE5-4AAD-997C-04B1A396BB1E}.Release|Any CPU.Build.0 = Release|Any CPU
	EndGlobalSection
	GlobalSection(SolutionProperties) = preSolution
		HideSolutionNode = FALSE
	EndGlobalSection
	GlobalSection(ExtensibilityGlobals) = postSolution
		SolutionGuid = {F88B41EA-1A53-4100-9822-375A453C986C}
	EndGlobalSection
EndGlobal
